
Microsoft Visual Studio Solution File, Format Version 12.00
# Visual Studio Version 17
VisualStudioVersion = 17.7.34024.191
MinimumVisualStudioVersion = 10.0.40219.1
Project("{9A19103F-16F7-4668-BE54-9A1E7A4F7556}") = "Web", "Web\Web.csproj", "{9151D218-7556-4065-ACF4-18AE200EEF6F}"
EndProject
Project("{9A19103F-16F7-4668-BE54-9A1E7A4F7556}") = "DataNexus", "DataNexus\DataNexus.csproj", "{EADE9A5B-0F3E-4B3B-BD81-194CD3F36540}"
EndProject
Project("{9A19103F-16F7-4668-BE54-9A1E7A4F7556}") = "Domain", "Domain\Domain.csproj", "{43A02A42-9AF8-4664-875F-F2B1007D1E12}"
EndProject
Project("{9A19103F-16F7-4668-BE54-9A1E7A4F7556}") = "Services", "Services\Services.csproj", "{92B55B0C-0E05-4CF4-A1FC-5F059A9FE191}"
EndProject
Project("{2150E333-8FDC-42A3-9474-1A3956D46DE8}") = "Solution Items", "Solution Items", "{43563437-45DF-406F-BEF8-9413C11597FC}"
	ProjectSection(SolutionItems) = preProject
		MessagingServerArchitecture.md = MessagingServerArchitecture.md
		ProcedureScript13-3-24.sql = ProcedureScript13-3-24.sql
		README.md = README.md
		Store Procedure Script.sql = Store Procedure Script.sql
		ToBeRemembers.txt = ToBeRemembers.txt
	EndProjectSection
EndProject
Global
	GlobalSection(SolutionConfigurationPlatforms) = preSolution
		Debug|Any CPU = Debug|Any CPU
		Release|Any CPU = Release|Any CPU
	EndGlobalSection
	GlobalSection(ProjectConfigurationPlatforms) = postSolution
		{9151D218-7556-4065-ACF4-18AE200EEF6F}.Debug|Any CPU.ActiveCfg = Debug|Any CPU
		{9151D218-7556-4065-ACF4-18AE200EEF6F}.Debug|Any CPU.Build.0 = Debug|Any CPU
		{9151D218-7556-4065-ACF4-18AE200EEF6F}.Release|Any CPU.ActiveCfg = Release|Any CPU
		{9151D218-7556-4065-ACF4-18AE200EEF6F}.Release|Any CPU.Build.0 = Release|Any CPU
		{EADE9A5B-0F3E-4B3B-BD81-194CD3F36540}.Debug|Any CPU.ActiveCfg = Debug|Any CPU
		{EADE9A5B-0F3E-4B3B-BD81-194CD3F36540}.Debug|Any CPU.Build.0 = Debug|Any CPU
		{EADE9A5B-0F3E-4B3B-BD81-194CD3F36540}.Release|Any CPU.ActiveCfg = Release|Any CPU
		{EADE9A5B-0F3E-4B3B-BD81-194CD3F36540}.Release|Any CPU.Build.0 = Release|Any CPU
		{43A02A42-9AF8-4664-875F-F2B1007D1E12}.Debug|Any CPU.ActiveCfg = Debug|Any CPU
		{43A02A42-9AF8-4664-875F-F2B1007D1E12}.Debug|Any CPU.Build.0 = Debug|Any CPU
		{43A02A42-9AF8-4664-875F-F2B1007D1E12}.Release|Any CPU.ActiveCfg = Release|Any CPU
		{43A02A42-9AF8-4664-875F-F2B1007D1E12}.Release|Any CPU.Build.0 = Release|Any CPU
		{92B55B0C-0E05-4CF4-A1FC-5F059A9FE191}.Debug|Any CPU.ActiveCfg = Debug|Any CPU
		{92B55B0C-0E05-4CF4-A1FC-5F059A9FE191}.Debug|Any CPU.Build.0 = Debug|Any CPU
		{92B55B0C-0E05-4CF4-A1FC-5F059A9FE191}.Release|Any CPU.ActiveCfg = Release|Any CPU
		{92B55B0C-0E05-4CF4-A1FC-5F059A9FE191}.Release|Any CPU.Build.0 = Release|Any CPU
	EndGlobalSection
	GlobalSection(SolutionProperties) = preSolution
		HideSolutionNode = FALSE
	EndGlobalSection
	GlobalSection(ExtensibilityGlobals) = postSolution
		SolutionGuid = {2F04CC03-D2C6-4392-8FCB-32A03CD7F6E2}
	EndGlobalSection
EndGlobal
